// !$*UTF8*$!
{
	archiveVersion = 1;
	classes = {
	};
	objectVersion = 46;
	objects = {

/* Begin PBXBuildFile section */
		488F074C1A5D018C00A7B79F /* main.m in Sources */ = {isa = PBXBuildFile; fileRef = 488F074B1A5D018C00A7B79F /* main.m */; };
		488F074F1A5D018C00A7B79F /* AppDelegate.m in Sources */ = {isa = PBXBuildFile; fileRef = 488F074E1A5D018C00A7B79F /* AppDelegate.m */; };
		488F07521A5D018C00A7B79F /* ViewController.m in Sources */ = {isa = PBXBuildFile; fileRef = 488F07511A5D018C00A7B79F /* ViewController.m */; };
		488F07551A5D018C00A7B79F /* Main.storyboard in Resources */ = {isa = PBXBuildFile; fileRef = 488F07531A5D018C00A7B79F /* Main.storyboard */; };
		488F07571A5D018C00A7B79F /* Images.xcassets in Resources */ = {isa = PBXBuildFile; fileRef = 488F07561A5D018C00A7B79F /* Images.xcassets */; };
		488F075A1A5D018C00A7B79F /* LaunchScreen.xib in Resources */ = {isa = PBXBuildFile; fileRef = 488F07581A5D018C00A7B79F /* LaunchScreen.xib */; };
		488F07661A5D018C00A7B79F /* AnimationButtonTests.m in Sources */ = {isa = PBXBuildFile; fileRef = 488F07651A5D018C00A7B79F /* AnimationButtonTests.m */; };
		488F07711A5D01D800A7B79F /* AnimationButton.m in Sources */ = {isa = PBXBuildFile; fileRef = 488F07701A5D01D800A7B79F /* AnimationButton.m */; };
		488F07741A5D044C00A7B79F /* icon.png in Resources */ = {isa = PBXBuildFile; fileRef = 488F07721A5D044C00A7B79F /* icon.png */; };
		488F07751A5D044C00A7B79F /* icon2.png in Resources */ = {isa = PBXBuildFile; fileRef = 488F07731A5D044C00A7B79F /* icon2.png */; };
/* End PBXBuildFile section */

/* Begin PBXContainerItemProxy section */
		488F07601A5D018C00A7B79F /* PBXContainerItemProxy */ = {
			isa = PBXContainerItemProxy;
			containerPortal = 488F073E1A5D018C00A7B79F /* Project object */;
			proxyType = 1;
			remoteGlobalIDString = 488F07451A5D018C00A7B79F;
			remoteInfo = AnimationButton;
		};
/* End PBXContainerItemProxy section */

/* Begin PBXFileReference section */
		488F07461A5D018C00A7B79F /* AnimationButton.app */ = {isa = PBXFileReference; explicitFileType = wrapper.application; includeInIndex = 0; path = AnimationButton.app; sourceTree = BUILT_PRODUCTS_DIR; };
		488F074A1A5D018C00A7B79F /* Info.plist */ = {isa = PBXFileReference; lastKnownFileType = text.plist.xml; path = Info.plist; sourceTree = "<group>"; };
		488F074B1A5D018C00A7B79F /* main.m */ = {isa = PBXFileReference; lastKnownFileType = sourcecode.c.objc; path = main.m; sourceTree = "<group>"; };
		488F074D1A5D018C00A7B79F /* AppDelegate.h */ = {isa = PBXFileReference; lastKnownFileType = sourcecode.c.h; path = AppDelegate.h; sourceTree = "<group>"; };
		488F074E1A5D018C00A7B79F /* AppDelegate.m */ = {isa = PBXFileReference; lastKnownFileType = sourcecode.c.objc; path = AppDelegate.m; sourceTree = "<group>"; };
		488F07501A5D018C00A7B79F /* ViewController.h */ = {isa = PBXFileReference; lastKnownFileType = sourcecode.c.h; path = ViewController.h; sourceTree = "<group>"; };
		488F07511A5D018C00A7B79F /* ViewController.m */ = {isa = PBXFileReference; lastKnownFileType = sourcecode.c.objc; path = ViewController.m; sourceTree = "<group>"; };
		488F07541A5D018C00A7B79F /* Base */ = {isa = PBXFileReference; lastKnownFileType = file.storyboard; name = Base; path = Base.lproj/Main.storyboard; sourceTree = "<group>"; };
		488F07561A5D018C00A7B79F /* Images.xcassets */ = {isa = PBXFileReference; lastKnownFileType = folder.assetcatalog; path = Images.xcassets; sourceTree = "<group>"; };
		488F07591A5D018C00A7B79F /* Base */ = {isa = PBXFileReference; lastKnownFileType = file.xib; name = Base; path = Base.lproj/LaunchScreen.xib; sourceTree = "<group>"; };
		488F075F1A5D018C00A7B79F /* AnimationButtonTests.xctest */ = {isa = PBXFileReference; explicitFileType = wrapper.cfbundle; includeInIndex = 0; path = AnimationButtonTests.xctest; sourceTree = BUILT_PRODUCTS_DIR; };
		488F07641A5D018C00A7B79F /* Info.plist */ = {isa = PBXFileReference; lastKnownFileType = text.plist.xml; path = Info.plist; sourceTree = "<group>"; };
		488F07651A5D018C00A7B79F /* AnimationButtonTests.m */ = {isa = PBXFileReference; lastKnownFileType = sourcecode.c.objc; path = AnimationButtonTests.m; sourceTree = "<group>"; };
		488F076F1A5D01D800A7B79F /* AnimationButton.h */ = {isa = PBXFileReference; fileEncoding = 4; lastKnownFileType = sourcecode.c.h; path = AnimationButton.h; sourceTree = "<group>"; };
		488F07701A5D01D800A7B79F /* AnimationButton.m */ = {isa = PBXFileReference; fileEncoding = 4; lastKnownFileType = sourcecode.c.objc; path = AnimationButton.m; sourceTree = "<group>"; };
		488F07721A5D044C00A7B79F /* icon.png */ = {isa = PBXFileReference; lastKnownFileType = image.png; path = icon.png; sourceTree = "<group>"; };
		488F07731A5D044C00A7B79F /* icon2.png */ = {isa = PBXFileReference; lastKnownFileType = image.png; path = icon2.png; sourceTree = "<group>"; };
/* End PBXFileReference section */

/* Begin PBXFrameworksBuildPhase section */
		488F07431A5D018C00A7B79F /* Frameworks */ = {
			isa = PBXFrameworksBuildPhase;
			buildActionMask = 2147483647;
			files = (
			);
			runOnlyForDeploymentPostprocessing = 0;
		};
		488F075C1A5D018C00A7B79F /* Frameworks */ = {
			isa = PBXFrameworksBuildPhase;
			buildActionMask = 2147483647;
			files = (
			);
			runOnlyForDeploymentPostprocessing = 0;
		};
/* End PBXFrameworksBuildPhase section */

/* Begin PBXGroup section */
		488F073D1A5D018C00A7B79F = {
			isa = PBXGroup;
			children = (
				488F07481A5D018C00A7B79F /* AnimationButton */,
				488F07621A5D018C00A7B79F /* AnimationButtonTests */,
				488F07471A5D018C00A7B79F /* Products */,
			);
			sourceTree = "<group>";
		};
		488F07471A5D018C00A7B79F /* Products */ = {
			isa = PBXGroup;
			children = (
				488F07461A5D018C00A7B79F /* AnimationButton.app */,
				488F075F1A5D018C00A7B79F /* AnimationButtonTests.xctest */,
			);
			name = Products;
			sourceTree = "<group>";
		};
		488F07481A5D018C00A7B79F /* AnimationButton */ = {
			isa = PBXGroup;
			children = (
				488F07721A5D044C00A7B79F /* icon.png */,
				488F07731A5D044C00A7B79F /* icon2.png */,
				488F074D1A5D018C00A7B79F /* AppDelegate.h */,
				488F074E1A5D018C00A7B79F /* AppDelegate.m */,
				488F07501A5D018C00A7B79F /* ViewController.h */,
				488F07511A5D018C00A7B79F /* ViewController.m */,
				488F07531A5D018C00A7B79F /* Main.storyboard */,
				488F07561A5D018C00A7B79F /* Images.xcassets */,
				488F07581A5D018C00A7B79F /* LaunchScreen.xib */,
				488F07491A5D018C00A7B79F /* Supporting Files */,
				488F076F1A5D01D800A7B79F /* AnimationButton.h */,
				488F07701A5D01D800A7B79F /* AnimationButton.m */,
			);
			path = AnimationButton;
			sourceTree = "<group>";
		};
		488F07491A5D018C00A7B79F /* Supporting Files */ = {
			isa = PBXGroup;
			children = (
				488F074A1A5D018C00A7B79F /* Info.plist */,
				488F074B1A5D018C00A7B79F /* main.m */,
			);
			name = "Supporting Files";
			sourceTree = "<group>";
		};
		488F07621A5D018C00A7B79F /* AnimationButtonTests */ = {
			isa = PBXGroup;
			children = (
				488F07651A5D018C00A7B79F /* AnimationButtonTests.m */,
				488F07631A5D018C00A7B79F /* Supporting Files */,
			);
			path = AnimationButtonTests;
			sourceTree = "<group>";
		};
		488F07631A5D018C00A7B79F /* Supporting Files */ = {
			isa = PBXGroup;
			children = (
				488F07641A5D018C00A7B79F /* Info.plist */,
			);
			name = "Supporting Files";
			sourceTree = "<group>";
		};
/* End PBXGroup section */

/* Begin PBXNativeTarget section */
		488F07451A5D018C00A7B79F /* AnimationButton */ = {
			isa = PBXNativeTarget;
			buildConfigurationList = 488F07691A5D018C00A7B79F /* Build configuration list for PBXNativeTarget "AnimationButton" */;
			buildPhases = (
				488F07421A5D018C00A7B79F /* Sources */,
				488F07431A5D018C00A7B79F /* Frameworks */,
				488F07441A5D018C00A7B79F /* Resources */,
			);
			buildRules = (
			);
			dependencies = (
			);
			name = AnimationButton;
			productName = AnimationButton;
			productReference = 488F07461A5D018C00A7B79F /* AnimationButton.app */;
			productType = "com.apple.product-type.application";
		};
		488F075E1A5D018C00A7B79F /* AnimationButtonTests */ = {
			isa = PBXNativeTarget;
			buildConfigurationList = 488F076C1A5D018C00A7B79F /* Build configuration list for PBXNativeTarget "AnimationButtonTests" */;
			buildPhases = (
				488F075B1A5D018C00A7B79F /* Sources */,
				488F075C1A5D018C00A7B79F /* Frameworks */,
				488F075D1A5D018C00A7B79F /* Resources */,
			);
			buildRules = (
			);
			dependencies = (
				488F07611A5D018C00A7B79F /* PBXTargetDependency */,
			);
			name = AnimationButtonTests;
			productName = AnimationButtonTests;
			productReference = 488F075F1A5D018C00A7B79F /* AnimationButtonTests.xctest */;
			productType = "com.apple.product-type.bundle.unit-test";
		};
/* End PBXNativeTarget section */

/* Begin PBXProject section */
		488F073E1A5D018C00A7B79F /* Project object */ = {
			isa = PBXProject;
			attributes = {
				LastUpgradeCheck = 0610;
				ORGANIZATIONNAME = Zhihu.inc;
				TargetAttributes = {
					488F07451A5D018C00A7B79F = {
						CreatedOnToolsVersion = 6.1;
					};
					488F075E1A5D018C00A7B79F = {
						CreatedOnToolsVersion = 6.1;
						TestTargetID = 488F07451A5D018C00A7B79F;
					};
				};
			};
			buildConfigurationList = 488F07411A5D018C00A7B79F /* Build configuration list for PBXProject "AnimationButton" */;
			compatibilityVersion = "Xcode 3.2";
			developmentRegion = English;
			hasScannedForEncodings = 0;
			knownRegions = (
				en,
				Base,
			);
			mainGroup = 488F073D1A5D018C00A7B79F;
			productRefGroup = 488F07471A5D018C00A7B79F /* Products */;
			projectDirPath = "";
			projectRoot = "";
			targets = (
				488F07451A5D018C00A7B79F /* AnimationButton */,
				488F075E1A5D018C00A7B79F /* AnimationButtonTests */,
			);
		};
/* End PBXProject section */

/* Begin PBXResourcesBuildPhase section */
		488F07441A5D018C00A7B79F /* Resources */ = {
			isa = PBXResourcesBuildPhase;
			buildActionMask = 2147483647;
			files = (
				488F07741A5D044C00A7B79F /* icon.png in Resources */,
				488F07751A5D044C00A7B79F /* icon2.png in Resources */,
				488F07551A5D018C00A7B79F /* Main.storyboard in Resources */,
				488F075A1A5D018C00A7B79F /* LaunchScreen.xib in Resources */,
				488F07571A5D018C00A7B79F /* Images.xcassets in Resources */,
			);
			runOnlyForDeploymentPostprocessing = 0;
		};
		488F075D1A5D018C00A7B79F /* Resources */ = {
			isa = PBXResourcesBuildPhase;
			buildActionMask = 2147483647;
			files = (
			);
			runOnlyForDeploymentPostprocessing = 0;
		};
/* End PBXResourcesBuildPhase section */

/* Begin PBXSourcesBuildPhase section */
		488F07421A5D018C00A7B79F /* Sources */ = {
			isa = PBXSourcesBuildPhase;
			buildActionMask = 2147483647;
			files = (
				488F07711A5D01D800A7B79F /* AnimationButton.m in Sources */,
				488F07521A5D018C00A7B79F /* ViewController.m in Sources */,
				488F074F1A5D018C00A7B79F /* AppDelegate.m in Sources */,
				488F074C1A5D018C00A7B79F /* main.m in Sources */,
			);
			runOnlyForDeploymentPostprocessing = 0;
		};
		488F075B1A5D018C00A7B79F /* Sources */ = {
			isa = PBXSourcesBuildPhase;
			buildActionMask = 2147483647;
			files = (
				488F07661A5D018C00A7B79F /* AnimationButtonTests.m in Sources */,
			);
			runOnlyForDeploymentPostprocessing = 0;
		};
/* End PBXSourcesBuildPhase section */

/* Begin PBXTargetDependency section */
		488F07611A5D018C00A7B79F /* PBXTargetDependency */ = {
			isa = PBXTargetDependency;
			target = 488F07451A5D018C00A7B79F /* AnimationButton */;
			targetProxy = 488F07601A5D018C00A7B79F /* PBXContainerItemProxy */;
		};
/* End PBXTargetDependency section */

/* Begin PBXVariantGroup section */
		488F07531A5D018C00A7B79F /* Main.storyboard */ = {
			isa = PBXVariantGroup;
			children = (
				488F07541A5D018C00A7B79F /* Base */,
			);
			name = Main.storyboard;
			sourceTree = "<group>";
		};
		488F07581A5D018C00A7B79F /* LaunchScreen.xib */ = {
			isa = PBXVariantGroup;
			children = (
				488F07591A5D018C00A7B79F /* Base */,
			);
			name = LaunchScreen.xib;
			sourceTree = "<group>";
		};
/* End PBXVariantGroup section */

/* Begin XCBuildConfiguration section */
		488F07671A5D018C00A7B79F /* Debug */ = {
			isa = XCBuildConfiguration;
			buildSettings = {
				ALWAYS_SEARCH_USER_PATHS = NO;
				CLANG_CXX_LANGUAGE_STANDARD = "gnu++0x";
				CLANG_CXX_LIBRARY = "libc++";
				CLANG_ENABLE_MODULES = YES;
				CLANG_ENABLE_OBJC_ARC = YES;
				CLANG_WARN_BOOL_CONVERSION = YES;
				CLANG_WARN_CONSTANT_CONVERSION = YES;
				CLANG_WARN_DIRECT_OBJC_ISA_USAGE = YES_ERROR;
				CLANG_WARN_EMPTY_BODY = YES;
				CLANG_WARN_ENUM_CONVERSION = YES;
				CLANG_WARN_INT_CONVERSION = YES;
				CLANG_WARN_OBJC_ROOT_CLASS = YES_ERROR;
				CLANG_WARN_UNREACHABLE_CODE = YES;
				CLANG_WARN__DUPLICATE_METHOD_MATCH = YES;
				"CODE_SIGN_IDENTITY[sdk=iphoneos*]" = "iPhone Developer";
				COPY_PHASE_STRIP = NO;
				ENABLE_STRICT_OBJC_MSGSEND = YES;
				GCC_C_LANGUAGE_STANDARD = gnu99;
				GCC_DYNAMIC_NO_PIC = NO;
				GCC_OPTIMIZATION_LEVEL = 0;
				GCC_PREPROCESSOR_DEFINITIONS = (
					"DEBUG=1",
					"$(inherited)",
				);
				GCC_SYMBOLS_PRIVATE_EXTERN = NO;
				GCC_WARN_64_TO_32_BIT_CONVERSION = YES;
				GCC_WARN_ABOUT_RETURN_TYPE = YES_ERROR;
				GCC_WARN_UNDECLARED_SELECTOR = YES;
				GCC_WARN_UNINITIALIZED_AUTOS = YES_AGGRESSIVE;
				GCC_WARN_UNUSED_FUNCTION = YES;
				GCC_WARN_UNUSED_VARIABLE = YES;
				IPHONEOS_DEPLOYMENT_TARGET = 8.1;
				MTL_ENABLE_DEBUG_INFO = YES;
				ONLY_ACTIVE_ARCH = YES;
				SDKROOT = iphoneos;
				TARGETED_DEVICE_FAMILY = "1,2";
			};
			name = Debug;
		};
		488F07681A5D018C00A7B79F /* Release */ = {
			isa = XCBuildConfiguration;
			buildSettings = {
				ALWAYS_SEARCH_USER_PATHS = NO;
				CLANG_CXX_LANGUAGE_STANDARD = "gnu++0x";
				CLANG_CXX_LIBRARY = "libc++";
				CLANG_ENABLE_MODULES = YES;
				CLANG_ENABLE_OBJC_ARC = YES;
				CLANG_WARN_BOOL_CONVERSION = YES;
				CLANG_WARN_CONSTANT_CONVERSION = YES;
				CLANG_WARN_DIRECT_OBJC_ISA_USAGE = YES_ERROR;
				CLANG_WARN_EMPTY_BODY = YES;
				CLANG_WARN_ENUM_CONVERSION = YES;
				CLANG_WARN_INT_CONVERSION = YES;
				CLANG_WARN_OBJC_ROOT_CLASS = YES_ERROR;
				CLANG_WARN_UNREACHABLE_CODE = YES;
				CLANG_WARN__DUPLICATE_METHOD_MATCH = YES;
				"CODE_SIGN_IDENTITY[sdk=iphoneos*]" = "iPhone Developer";
				COPY_PHASE_STRIP = YES;
				ENABLE_NS_ASSERTIONS = NO;
				ENABLE_STRICT_OBJC_MSGSEND = YES;
				GCC_C_LANGUAGE_STANDARD = gnu99;
				GCC_WARN_64_TO_32_BIT_CONVERSION = YES;
				GCC_WARN_ABOUT_RETURN_TYPE = YES_ERROR;
				GCC_WARN_UNDECLARED_SELECTOR = YES;
				GCC_WARN_UNINITIALIZED_AUTOS = YES_AGGRESSIVE;
				GCC_WARN_UNUSED_FUNCTION = YES;
				GCC_WARN_UNUSED_VARIABLE = YES;
				IPHONEOS_DEPLOYMENT_TARGET = 8.1;
				MTL_ENABLE_DEBUG_INFO = NO;
				SDKROOT = iphoneos;
				TARGETED_DEVICE_FAMILY = "1,2";
				VALIDATE_PRODUCT = YES;
			};
			name = Release;
		};
		488F076A1A5D018C00A7B79F /* Debug */ = {
			isa = XCBuildConfiguration;
			buildSettings = {
				ASSETCATALOG_COMPILER_APPICON_NAME = AppIcon;
				INFOPLIST_FILE = AnimationButton/Info.plist;
				LD_RUNPATH_SEARCH_PATHS = "$(inherited) @executable_path/Frameworks";
				PRODUCT_NAME = "$(TARGET_NAME)";
			};
			name = Debug;
		};
		488F076B1A5D018C00A7B79F /* Release */ = {
			isa = XCBuildConfiguration;
			buildSettings = {
				ASSETCATALOG_COMPILER_APPICON_NAME = AppIcon;
				INFOPLIST_FILE = AnimationButton/Info.plist;
				LD_RUNPATH_SEARCH_PATHS = "$(inherited) @executable_path/Frameworks";
				PRODUCT_NAME = "$(TARGET_NAME)";
			};
			name = Release;
		};
		488F076D1A5D018C00A7B79F /* Debug */ = {
			isa = XCBuildConfiguration;
			buildSettings = {
				BUNDLE_LOADER = "$(TEST_HOST)";
				FRAMEWORK_SEARCH_PATHS = (
					"$(SDKROOT)/Developer/Library/Frameworks",
					"$(inherited)",
				);
				GCC_PREPROCESSOR_DEFINITIONS = (
					"DEBUG=1",
					"$(inherited)",
				);
				INFOPLIST_FILE = AnimationButtonTests/Info.plist;
				LD_RUNPATH_SEARCH_PATHS = "$(inherited) @executable_path/Frameworks @loader_path/Frameworks";
				PRODUCT_NAME = "$(TARGET_NAME)";
				TEST_HOST = "$(BUILT_PRODUCTS_DIR)/AnimationButton.app/AnimationButton";
			};
			name = Debug;
		};
		488F076E1A5D018C00A7B79F /* Release */ = {
			isa = XCBuildConfiguration;
			buildSettings = {
				BUNDLE_LOADER = "$(TEST_HOST)";
				FRAMEWORK_SEARCH_PATHS = (
					"$(SDKROOT)/Developer/Library/Frameworks",
					"$(inherited)",
				);
				INFOPLIST_FILE = AnimationButtonTests/Info.plist;
				LD_RUNPATH_SEARCH_PATHS = "$(inherited) @executable_path/Frameworks @loader_path/Frameworks";
				PRODUCT_NAME = "$(TARGET_NAME)";
				TEST_HOST = "$(BUILT_PRODUCTS_DIR)/AnimationButton.app/AnimationButton";
			};
			name = Release;
		};
/* End XCBuildConfiguration section */

/* Begin XCConfigurationList section */
		488F07411A5D018C00A7B79F /* Build configuration list for PBXProject "AnimationButton" */ = {
			isa = XCConfigurationList;
			buildConfigurations = (
				488F07671A5D018C00A7B79F /* Debug */,
				488F07681A5D018C00A7B79F /* Release */,
			);
			defaultConfigurationIsVisible = 0;
			defaultConfigurationName = Release;
		};
		488F07691A5D018C00A7B79F /* Build configuration list for PBXNativeTarget "AnimationButton" */ = {
			isa = XCConfigurationList;
			buildConfigurations = (
				488F076A1A5D018C00A7B79F /* Debug */,
				488F076B1A5D018C00A7B79F /* Release */,
			);
			defaultConfigurationIsVisible = 0;
		};
		488F076C1A5D018C00A7B79F /* Build configuration list for PBXNativeTarget "AnimationButtonTests" */ = {
			isa = XCConfigurationList;
			buildConfigurations = (
				488F076D1A5D018C00A7B79F /* Debug */,
				488F076E1A5D018C00A7B79F /* Release */,
			);
			defaultConfigurationIsVisible = 0;
		};
/* End XCConfigurationList section */
	};
	rootObject = 488F073E1A5D018C00A7B79F /* Project object */;
}
